// !$*UTF8*$!
{
	archiveVersion = 1;
	classes = {
	};
	objectVersion = 56;
	objects = {

/* Begin PBXBuildFile section */
		2A3A4889292D211E00E10137 /* AppDelegate.swift in Sources */ = {isa = PBXBuildFile; fileRef = 2A3A4888292D211E00E10137 /* AppDelegate.swift */; };
		2A3A488B292D211E00E10137 /* SceneDelegate.swift in Sources */ = {isa = PBXBuildFile; fileRef = 2A3A488A292D211E00E10137 /* SceneDelegate.swift */; };
		2A3A488D292D211E00E10137 /* ViewController.swift in Sources */ = {isa = PBXBuildFile; fileRef = 2A3A488C292D211E00E10137 /* ViewController.swift */; };
		2A3A4890292D211E00E10137 /* Main.storyboard in Resources */ = {isa = PBXBuildFile; fileRef = 2A3A488E292D211E00E10137 /* Main.storyboard */; };
		2A3A4892292D211F00E10137 /* Assets.xcassets in Resources */ = {isa = PBXBuildFile; fileRef = 2A3A4891292D211F00E10137 /* Assets.xcassets */; };
		2A3A4895292D211F00E10137 /* LaunchScreen.storyboard in Resources */ = {isa = PBXBuildFile; fileRef = 2A3A4893292D211F00E10137 /* LaunchScreen.storyboard */; };
		2A3A48A0292D211F00E10137 /* DiaryTests.swift in Sources */ = {isa = PBXBuildFile; fileRef = 2A3A489F292D211F00E10137 /* DiaryTests.swift */; };
		2A3A48AA292D211F00E10137 /* DiaryUITests.swift in Sources */ = {isa = PBXBuildFile; fileRef = 2A3A48A9292D211F00E10137 /* DiaryUITests.swift */; };
		2A3A48AC292D211F00E10137 /* DiaryUITestsLaunchTests.swift in Sources */ = {isa = PBXBuildFile; fileRef = 2A3A48AB292D211F00E10137 /* DiaryUITestsLaunchTests.swift */; };
		2A3A48B9292D238300E10137 /* DiaryCell.swift in Sources */ = {isa = PBXBuildFile; fileRef = 2A3A48B8292D238300E10137 /* DiaryCell.swift */; };
		2A3A48BB292D23BB00E10137 /* StarViewController.swift in Sources */ = {isa = PBXBuildFile; fileRef = 2A3A48BA292D23BB00E10137 /* StarViewController.swift */; };
		2A3A48BD292D24AC00E10137 /* StarCell.swift in Sources */ = {isa = PBXBuildFile; fileRef = 2A3A48BC292D24AC00E10137 /* StarCell.swift */; };
		2A3A48BF292D261400E10137 /* WriteDiaryViewController.swift in Sources */ = {isa = PBXBuildFile; fileRef = 2A3A48BE292D261400E10137 /* WriteDiaryViewController.swift */; };
		2A3A48C1292F7EA700E10137 /* DiaryDetailViewController.swift in Sources */ = {isa = PBXBuildFile; fileRef = 2A3A48C0292F7EA700E10137 /* DiaryDetailViewController.swift */; };
		2A3A48C3292F87DF00E10137 /* Diary.swift in Sources */ = {isa = PBXBuildFile; fileRef = 2A3A48C2292F87DF00E10137 /* Diary.swift */; };
/* End PBXBuildFile section */

/* Begin PBXContainerItemProxy section */
		2A3A489C292D211F00E10137 /* PBXContainerItemProxy */ = {
			isa = PBXContainerItemProxy;
			containerPortal = 2A3A487D292D211E00E10137 /* Project object */;
			proxyType = 1;
			remoteGlobalIDString = 2A3A4884292D211E00E10137;
			remoteInfo = Diary;
		};
		2A3A48A6292D211F00E10137 /* PBXContainerItemProxy */ = {
			isa = PBXContainerItemProxy;
			containerPortal = 2A3A487D292D211E00E10137 /* Project object */;
			proxyType = 1;
			remoteGlobalIDString = 2A3A4884292D211E00E10137;
			remoteInfo = Diary;
		};
/* End PBXContainerItemProxy section */

/* Begin PBXFileReference section */
		2A3A4885292D211E00E10137 /* Diary.app */ = {isa = PBXFileReference; explicitFileType = wrapper.application; includeInIndex = 0; path = Diary.app; sourceTree = BUILT_PRODUCTS_DIR; };
		2A3A4888292D211E00E10137 /* AppDelegate.swift */ = {isa = PBXFileReference; lastKnownFileType = sourcecode.swift; path = AppDelegate.swift; sourceTree = "<group>"; };
		2A3A488A292D211E00E10137 /* SceneDelegate.swift */ = {isa = PBXFileReference; lastKnownFileType = sourcecode.swift; path = SceneDelegate.swift; sourceTree = "<group>"; };
		2A3A488C292D211E00E10137 /* ViewController.swift */ = {isa = PBXFileReference; lastKnownFileType = sourcecode.swift; path = ViewController.swift; sourceTree = "<group>"; };
		2A3A488F292D211E00E10137 /* Base */ = {isa = PBXFileReference; lastKnownFileType = file.storyboard; name = Base; path = Base.lproj/Main.storyboard; sourceTree = "<group>"; };
		2A3A4891292D211F00E10137 /* Assets.xcassets */ = {isa = PBXFileReference; lastKnownFileType = folder.assetcatalog; path = Assets.xcassets; sourceTree = "<group>"; };
		2A3A4894292D211F00E10137 /* Base */ = {isa = PBXFileReference; lastKnownFileType = file.storyboard; name = Base; path = Base.lproj/LaunchScreen.storyboard; sourceTree = "<group>"; };
		2A3A4896292D211F00E10137 /* Info.plist */ = {isa = PBXFileReference; lastKnownFileType = text.plist.xml; path = Info.plist; sourceTree = "<group>"; };
		2A3A489B292D211F00E10137 /* DiaryTests.xctest */ = {isa = PBXFileReference; explicitFileType = wrapper.cfbundle; includeInIndex = 0; path = DiaryTests.xctest; sourceTree = BUILT_PRODUCTS_DIR; };
		2A3A489F292D211F00E10137 /* DiaryTests.swift */ = {isa = PBXFileReference; lastKnownFileType = sourcecode.swift; path = DiaryTests.swift; sourceTree = "<group>"; };
		2A3A48A5292D211F00E10137 /* DiaryUITests.xctest */ = {isa = PBXFileReference; explicitFileType = wrapper.cfbundle; includeInIndex = 0; path = DiaryUITests.xctest; sourceTree = BUILT_PRODUCTS_DIR; };
		2A3A48A9292D211F00E10137 /* DiaryUITests.swift */ = {isa = PBXFileReference; lastKnownFileType = sourcecode.swift; path = DiaryUITests.swift; sourceTree = "<group>"; };
		2A3A48AB292D211F00E10137 /* DiaryUITestsLaunchTests.swift */ = {isa = PBXFileReference; lastKnownFileType = sourcecode.swift; path = DiaryUITestsLaunchTests.swift; sourceTree = "<group>"; };
		2A3A48B8292D238300E10137 /* DiaryCell.swift */ = {isa = PBXFileReference; lastKnownFileType = sourcecode.swift; path = DiaryCell.swift; sourceTree = "<group>"; };
		2A3A48BA292D23BB00E10137 /* StarViewController.swift */ = {isa = PBXFileReference; lastKnownFileType = sourcecode.swift; path = StarViewController.swift; sourceTree = "<group>"; };
		2A3A48BC292D24AC00E10137 /* StarCell.swift */ = {isa = PBXFileReference; lastKnownFileType = sourcecode.swift; path = StarCell.swift; sourceTree = "<group>"; };
		2A3A48BE292D261400E10137 /* WriteDiaryViewController.swift */ = {isa = PBXFileReference; lastKnownFileType = sourcecode.swift; path = WriteDiaryViewController.swift; sourceTree = "<group>"; };
		2A3A48C0292F7EA700E10137 /* DiaryDetailViewController.swift */ = {isa = PBXFileReference; lastKnownFileType = sourcecode.swift; path = DiaryDetailViewController.swift; sourceTree = "<group>"; };
		2A3A48C2292F87DF00E10137 /* Diary.swift */ = {isa = PBXFileReference; lastKnownFileType = sourcecode.swift; path = Diary.swift; sourceTree = "<group>"; };
/* End PBXFileReference section */

/* Begin PBXFrameworksBuildPhase section */
		2A3A4882292D211E00E10137 /* Frameworks */ = {
			isa = PBXFrameworksBuildPhase;
			buildActionMask = 2147483647;
			files = (
			);
			runOnlyForDeploymentPostprocessing = 0;
		};
		2A3A4898292D211F00E10137 /* Frameworks */ = {
			isa = PBXFrameworksBuildPhase;
			buildActionMask = 2147483647;
			files = (
			);
			runOnlyForDeploymentPostprocessing = 0;
		};
		2A3A48A2292D211F00E10137 /* Frameworks */ = {
			isa = PBXFrameworksBuildPhase;
			buildActionMask = 2147483647;
			files = (
			);
			runOnlyForDeploymentPostprocessing = 0;
		};
/* End PBXFrameworksBuildPhase section */

/* Begin PBXGroup section */
		2A3A487C292D211E00E10137 = {
			isa = PBXGroup;
			children = (
				2A3A4887292D211E00E10137 /* Diary */,
				2A3A489E292D211F00E10137 /* DiaryTests */,
				2A3A48A8292D211F00E10137 /* DiaryUITests */,
				2A3A4886292D211E00E10137 /* Products */,
			);
			sourceTree = "<group>";
		};
		2A3A4886292D211E00E10137 /* Products */ = {
			isa = PBXGroup;
			children = (
				2A3A4885292D211E00E10137 /* Diary.app */,
				2A3A489B292D211F00E10137 /* DiaryTests.xctest */,
				2A3A48A5292D211F00E10137 /* DiaryUITests.xctest */,
			);
			name = Products;
			sourceTree = "<group>";
		};
		2A3A4887292D211E00E10137 /* Diary */ = {
			isa = PBXGroup;
			children = (
				2A3A4888292D211E00E10137 /* AppDelegate.swift */,
				2A3A488A292D211E00E10137 /* SceneDelegate.swift */,
				2A3A488C292D211E00E10137 /* ViewController.swift */,
				2A3A488E292D211E00E10137 /* Main.storyboard */,
				2A3A48C0292F7EA700E10137 /* DiaryDetailViewController.swift */,
				2A3A4891292D211F00E10137 /* Assets.xcassets */,
				2A3A4893292D211F00E10137 /* LaunchScreen.storyboard */,
				2A3A4896292D211F00E10137 /* Info.plist */,
				2A3A48B8292D238300E10137 /* DiaryCell.swift */,
				2A3A48BA292D23BB00E10137 /* StarViewController.swift */,
				2A3A48BC292D24AC00E10137 /* StarCell.swift */,
				2A3A48BE292D261400E10137 /* WriteDiaryViewController.swift */,
				2A3A48C2292F87DF00E10137 /* Diary.swift */,
			);
			path = Diary;
			sourceTree = "<group>";
		};
		2A3A489E292D211F00E10137 /* DiaryTests */ = {
			isa = PBXGroup;
			children = (
				2A3A489F292D211F00E10137 /* DiaryTests.swift */,
			);
			path = DiaryTests;
			sourceTree = "<group>";
		};
		2A3A48A8292D211F00E10137 /* DiaryUITests */ = {
			isa = PBXGroup;
			children = (
				2A3A48A9292D211F00E10137 /* DiaryUITests.swift */,
				2A3A48AB292D211F00E10137 /* DiaryUITestsLaunchTests.swift */,
			);
			path = DiaryUITests;
			sourceTree = "<group>";
		};
/* End PBXGroup section */

/* Begin PBXNativeTarget section */
		2A3A4884292D211E00E10137 /* Diary */ = {
			isa = PBXNativeTarget;
			buildConfigurationList = 2A3A48AF292D211F00E10137 /* Build configuration list for PBXNativeTarget "Diary" */;
			buildPhases = (
				2A3A4881292D211E00E10137 /* Sources */,
				2A3A4882292D211E00E10137 /* Frameworks */,
				2A3A4883292D211E00E10137 /* Resources */,
			);
			buildRules = (
			);
			dependencies = (
			);
			name = Diary;
			productName = Diary;
			productReference = 2A3A4885292D211E00E10137 /* Diary.app */;
			productType = "com.apple.product-type.application";
		};
		2A3A489A292D211F00E10137 /* DiaryTests */ = {
			isa = PBXNativeTarget;
			buildConfigurationList = 2A3A48B2292D211F00E10137 /* Build configuration list for PBXNativeTarget "DiaryTests" */;
			buildPhases = (
				2A3A4897292D211F00E10137 /* Sources */,
				2A3A4898292D211F00E10137 /* Frameworks */,
				2A3A4899292D211F00E10137 /* Resources */,
			);
			buildRules = (
			);
			dependencies = (
				2A3A489D292D211F00E10137 /* PBXTargetDependency */,
			);
			name = DiaryTests;
			productName = DiaryTests;
			productReference = 2A3A489B292D211F00E10137 /* DiaryTests.xctest */;
			productType = "com.apple.product-type.bundle.unit-test";
		};
		2A3A48A4292D211F00E10137 /* DiaryUITests */ = {
			isa = PBXNativeTarget;
			buildConfigurationList = 2A3A48B5292D211F00E10137 /* Build configuration list for PBXNativeTarget "DiaryUITests" */;
			buildPhases = (
				2A3A48A1292D211F00E10137 /* Sources */,
				2A3A48A2292D211F00E10137 /* Frameworks */,
				2A3A48A3292D211F00E10137 /* Resources */,
			);
			buildRules = (
			);
			dependencies = (
				2A3A48A7292D211F00E10137 /* PBXTargetDependency */,
			);
			name = DiaryUITests;
			productName = DiaryUITests;
			productReference = 2A3A48A5292D211F00E10137 /* DiaryUITests.xctest */;
			productType = "com.apple.product-type.bundle.ui-testing";
		};
/* End PBXNativeTarget section */

/* Begin PBXProject section */
		2A3A487D292D211E00E10137 /* Project object */ = {
			isa = PBXProject;
			attributes = {
				BuildIndependentTargetsInParallel = 1;
				LastSwiftUpdateCheck = 1400;
				LastUpgradeCheck = 1400;
				TargetAttributes = {
					2A3A4884292D211E00E10137 = {
						CreatedOnToolsVersion = 14.0.1;
					};
					2A3A489A292D211F00E10137 = {
						CreatedOnToolsVersion = 14.0.1;
						TestTargetID = 2A3A4884292D211E00E10137;
					};
					2A3A48A4292D211F00E10137 = {
						CreatedOnToolsVersion = 14.0.1;
						TestTargetID = 2A3A4884292D211E00E10137;
					};
				};
			};
			buildConfigurationList = 2A3A4880292D211E00E10137 /* Build configuration list for PBXProject "Diary" */;
			compatibilityVersion = "Xcode 14.0";
			developmentRegion = en;
			hasScannedForEncodings = 0;
			knownRegions = (
				en,
				Base,
			);
			mainGroup = 2A3A487C292D211E00E10137;
			productRefGroup = 2A3A4886292D211E00E10137 /* Products */;
			projectDirPath = "";
			projectRoot = "";
			targets = (
				2A3A4884292D211E00E10137 /* Diary */,
				2A3A489A292D211F00E10137 /* DiaryTests */,
				2A3A48A4292D211F00E10137 /* DiaryUITests */,
			);
		};
/* End PBXProject section */

/* Begin PBXResourcesBuildPhase section */
		2A3A4883292D211E00E10137 /* Resources */ = {
			isa = PBXResourcesBuildPhase;
			buildActionMask = 2147483647;
			files = (
				2A3A4895292D211F00E10137 /* LaunchScreen.storyboard in Resources */,
				2A3A4892292D211F00E10137 /* Assets.xcassets in Resources */,
				2A3A4890292D211E00E10137 /* Main.storyboard in Resources */,
			);
			runOnlyForDeploymentPostprocessing = 0;
		};
		2A3A4899292D211F00E10137 /* Resources */ = {
			isa = PBXResourcesBuildPhase;
			buildActionMask = 2147483647;
			files = (
			);
			runOnlyForDeploymentPostprocessing = 0;
		};
		2A3A48A3292D211F00E10137 /* Resources */ = {
			isa = PBXResourcesBuildPhase;
			buildActionMask = 2147483647;
			files = (
			);
			runOnlyForDeploymentPostprocessing = 0;
		};
/* End PBXResourcesBuildPhase section */

/* Begin PBXSourcesBuildPhase section */
		2A3A4881292D211E00E10137 /* Sources */ = {
			isa = PBXSourcesBuildPhase;
			buildActionMask = 2147483647;
			files = (
				2A3A488D292D211E00E10137 /* ViewController.swift in Sources */,
				2A3A48BF292D261400E10137 /* WriteDiaryViewController.swift in Sources */,
				2A3A48BD292D24AC00E10137 /* StarCell.swift in Sources */,
				2A3A4889292D211E00E10137 /* AppDelegate.swift in Sources */,
				2A3A488B292D211E00E10137 /* SceneDelegate.swift in Sources */,
				2A3A48C3292F87DF00E10137 /* Diary.swift in Sources */,
				2A3A48C1292F7EA700E10137 /* DiaryDetailViewController.swift in Sources */,
				2A3A48B9292D238300E10137 /* DiaryCell.swift in Sources */,
				2A3A48BB292D23BB00E10137 /* StarViewController.swift in Sources */,
			);
			runOnlyForDeploymentPostprocessing = 0;
		};
		2A3A4897292D211F00E10137 /* Sources */ = {
			isa = PBXSourcesBuildPhase;
			buildActionMask = 2147483647;
			files = (
				2A3A48A0292D211F00E10137 /* DiaryTests.swift in Sources */,
			);
			runOnlyForDeploymentPostprocessing = 0;
		};
		2A3A48A1292D211F00E10137 /* Sources */ = {
			isa = PBXSourcesBuildPhase;
			buildActionMask = 2147483647;
			files = (
				2A3A48AC292D211F00E10137 /* DiaryUITestsLaunchTests.swift in Sources */,
				2A3A48AA292D211F00E10137 /* DiaryUITests.swift in Sources */,
			);
			runOnlyForDeploymentPostprocessing = 0;
		};
/* End PBXSourcesBuildPhase section */

/* Begin PBXTargetDependency section */
		2A3A489D292D211F00E10137 /* PBXTargetDependency */ = {
			isa = PBXTargetDependency;
			target = 2A3A4884292D211E00E10137 /* Diary */;
			targetProxy = 2A3A489C292D211F00E10137 /* PBXContainerItemProxy */;
		};
		2A3A48A7292D211F00E10137 /* PBXTargetDependency */ = {
			isa = PBXTargetDependency;
			target = 2A3A4884292D211E00E10137 /* Diary */;
			targetProxy = 2A3A48A6292D211F00E10137 /* PBXContainerItemProxy */;
		};
/* End PBXTargetDependency section */

/* Begin PBXVariantGroup section */
		2A3A488E292D211E00E10137 /* Main.storyboard */ = {
			isa = PBXVariantGroup;
			children = (
				2A3A488F292D211E00E10137 /* Base */,
			);
			name = Main.storyboard;
			sourceTree = "<group>";
		};
		2A3A4893292D211F00E10137 /* LaunchScreen.storyboard */ = {
			isa = PBXVariantGroup;
			children = (
				2A3A4894292D211F00E10137 /* Base */,
			);
			name = LaunchScreen.storyboard;
			sourceTree = "<group>";
		};
/* End PBXVariantGroup section */

/* Begin XCBuildConfiguration section */
		2A3A48AD292D211F00E10137 /* Debug */ = {
			isa = XCBuildConfiguration;
			buildSettings = {
				ALWAYS_SEARCH_USER_PATHS = NO;
				CLANG_ANALYZER_NONNULL = YES;
				CLANG_ANALYZER_NUMBER_OBJECT_CONVERSION = YES_AGGRESSIVE;
				CLANG_CXX_LANGUAGE_STANDARD = "gnu++20";
				CLANG_ENABLE_MODULES = YES;
				CLANG_ENABLE_OBJC_ARC = YES;
				CLANG_ENABLE_OBJC_WEAK = YES;
				CLANG_WARN_BLOCK_CAPTURE_AUTORELEASING = YES;
				CLANG_WARN_BOOL_CONVERSION = YES;
				CLANG_WARN_COMMA = YES;
				CLANG_WARN_CONSTANT_CONVERSION = YES;
				CLANG_WARN_DEPRECATED_OBJC_IMPLEMENTATIONS = YES;
				CLANG_WARN_DIRECT_OBJC_ISA_USAGE = YES_ERROR;
				CLANG_WARN_DOCUMENTATION_COMMENTS = YES;
				CLANG_WARN_EMPTY_BODY = YES;
				CLANG_WARN_ENUM_CONVERSION = YES;
				CLANG_WARN_INFINITE_RECURSION = YES;
				CLANG_WARN_INT_CONVERSION = YES;
				CLANG_WARN_NON_LITERAL_NULL_CONVERSION = YES;
				CLANG_WARN_OBJC_IMPLICIT_RETAIN_SELF = YES;
				CLANG_WARN_OBJC_LITERAL_CONVERSION = YES;
				CLANG_WARN_OBJC_ROOT_CLASS = YES_ERROR;
				CLANG_WARN_QUOTED_INCLUDE_IN_FRAMEWORK_HEADER = YES;
				CLANG_WARN_RANGE_LOOP_ANALYSIS = YES;
				CLANG_WARN_STRICT_PROTOTYPES = YES;
				CLANG_WARN_SUSPICIOUS_MOVE = YES;
				CLANG_WARN_UNGUARDED_AVAILABILITY = YES_AGGRESSIVE;
				CLANG_WARN_UNREACHABLE_CODE = YES;
				CLANG_WARN__DUPLICATE_METHOD_MATCH = YES;
				COPY_PHASE_STRIP = NO;
				DEBUG_INFORMATION_FORMAT = dwarf;
				ENABLE_STRICT_OBJC_MSGSEND = YES;
				ENABLE_TESTABILITY = YES;
				GCC_C_LANGUAGE_STANDARD = gnu11;
				GCC_DYNAMIC_NO_PIC = NO;
				GCC_NO_COMMON_BLOCKS = YES;
				GCC_OPTIMIZATION_LEVEL = 0;
				GCC_PREPROCESSOR_DEFINITIONS = (
					"DEBUG=1",
					"$(inherited)",
				);
				GCC_WARN_64_TO_32_BIT_CONVERSION = YES;
				GCC_WARN_ABOUT_RETURN_TYPE = YES_ERROR;
				GCC_WARN_UNDECLARED_SELECTOR = YES;
				GCC_WARN_UNINITIALIZED_AUTOS = YES_AGGRESSIVE;
				GCC_WARN_UNUSED_FUNCTION = YES;
				GCC_WARN_UNUSED_VARIABLE = YES;
				IPHONEOS_DEPLOYMENT_TARGET = 16.0;
				MTL_ENABLE_DEBUG_INFO = INCLUDE_SOURCE;
				MTL_FAST_MATH = YES;
				ONLY_ACTIVE_ARCH = YES;
				SDKROOT = iphoneos;
				SWIFT_ACTIVE_COMPILATION_CONDITIONS = DEBUG;
				SWIFT_OPTIMIZATION_LEVEL = "-Onone";
			};
			name = Debug;
		};
		2A3A48AE292D211F00E10137 /* Release */ = {
			isa = XCBuildConfiguration;
			buildSettings = {
				ALWAYS_SEARCH_USER_PATHS = NO;
				CLANG_ANALYZER_NONNULL = YES;
				CLANG_ANALYZER_NUMBER_OBJECT_CONVERSION = YES_AGGRESSIVE;
				CLANG_CXX_LANGUAGE_STANDARD = "gnu++20";
				CLANG_ENABLE_MODULES = YES;
				CLANG_ENABLE_OBJC_ARC = YES;
				CLANG_ENABLE_OBJC_WEAK = YES;
				CLANG_WARN_BLOCK_CAPTURE_AUTORELEASING = YES;
				CLANG_WARN_BOOL_CONVERSION = YES;
				CLANG_WARN_COMMA = YES;
				CLANG_WARN_CONSTANT_CONVERSION = YES;
				CLANG_WARN_DEPRECATED_OBJC_IMPLEMENTATIONS = YES;
				CLANG_WARN_DIRECT_OBJC_ISA_USAGE = YES_ERROR;
				CLANG_WARN_DOCUMENTATION_COMMENTS = YES;
				CLANG_WARN_EMPTY_BODY = YES;
				CLANG_WARN_ENUM_CONVERSION = YES;
				CLANG_WARN_INFINITE_RECURSION = YES;
				CLANG_WARN_INT_CONVERSION = YES;
				CLANG_WARN_NON_LITERAL_NULL_CONVERSION = YES;
				CLANG_WARN_OBJC_IMPLICIT_RETAIN_SELF = YES;
				CLANG_WARN_OBJC_LITERAL_CONVERSION = YES;
				CLANG_WARN_OBJC_ROOT_CLASS = YES_ERROR;
				CLANG_WARN_QUOTED_INCLUDE_IN_FRAMEWORK_HEADER = YES;
				CLANG_WARN_RANGE_LOOP_ANALYSIS = YES;
				CLANG_WARN_STRICT_PROTOTYPES = YES;
				CLANG_WARN_SUSPICIOUS_MOVE = YES;
				CLANG_WARN_UNGUARDED_AVAILABILITY = YES_AGGRESSIVE;
				CLANG_WARN_UNREACHABLE_CODE = YES;
				CLANG_WARN__DUPLICATE_METHOD_MATCH = YES;
				COPY_PHASE_STRIP = NO;
				DEBUG_INFORMATION_FORMAT = "dwarf-with-dsym";
				ENABLE_NS_ASSERTIONS = NO;
				ENABLE_STRICT_OBJC_MSGSEND = YES;
				GCC_C_LANGUAGE_STANDARD = gnu11;
				GCC_NO_COMMON_BLOCKS = YES;
				GCC_WARN_64_TO_32_BIT_CONVERSION = YES;
				GCC_WARN_ABOUT_RETURN_TYPE = YES_ERROR;
				GCC_WARN_UNDECLARED_SELECTOR = YES;
				GCC_WARN_UNINITIALIZED_AUTOS = YES_AGGRESSIVE;
				GCC_WARN_UNUSED_FUNCTION = YES;
				GCC_WARN_UNUSED_VARIABLE = YES;
				IPHONEOS_DEPLOYMENT_TARGET = 16.0;
				MTL_ENABLE_DEBUG_INFO = NO;
				MTL_FAST_MATH = YES;
				SDKROOT = iphoneos;
				SWIFT_COMPILATION_MODE = wholemodule;
				SWIFT_OPTIMIZATION_LEVEL = "-O";
				VALIDATE_PRODUCT = YES;
			};
			name = Release;
		};
		2A3A48B0292D211F00E10137 /* Debug */ = {
			isa = XCBuildConfiguration;
			buildSettings = {
				ASSETCATALOG_COMPILER_APPICON_NAME = AppIcon;
				ASSETCATALOG_COMPILER_GLOBAL_ACCENT_COLOR_NAME = AccentColor;
				CODE_SIGN_STYLE = Automatic;
				CURRENT_PROJECT_VERSION = 1;
				DEVELOPMENT_TEAM = 3P94WK3K35;
				GENERATE_INFOPLIST_FILE = YES;
				INFOPLIST_FILE = Diary/Info.plist;
				INFOPLIST_KEY_UIApplicationSupportsIndirectInputEvents = YES;
				INFOPLIST_KEY_UILaunchStoryboardName = LaunchScreen;
				INFOPLIST_KEY_UIMainStoryboardFile = Main;
				INFOPLIST_KEY_UISupportedInterfaceOrientations_iPad = "UIInterfaceOrientationPortrait UIInterfaceOrientationPortraitUpsideDown UIInterfaceOrientationLandscapeLeft UIInterfaceOrientationLandscapeRight";
				INFOPLIST_KEY_UISupportedInterfaceOrientations_iPhone = "UIInterfaceOrientationPortrait UIInterfaceOrientationLandscapeLeft UIInterfaceOrientationLandscapeRight";
				LD_RUNPATH_SEARCH_PATHS = (
					"$(inherited)",
					"@executable_path/Frameworks",
				);
				MARKETING_VERSION = 1.0;
				PRODUCT_BUNDLE_IDENTIFIER = com.wooju.test.Diary;
				PRODUCT_NAME = "$(TARGET_NAME)";
				SWIFT_EMIT_LOC_STRINGS = YES;
				SWIFT_VERSION = 5.0;
				TARGETED_DEVICE_FAMILY = "1,2";
			};
			name = Debug;
		};
		2A3A48B1292D211F00E10137 /* Release */ = {
			isa = XCBuildConfiguration;
			buildSettings = {
				ASSETCATALOG_COMPILER_APPICON_NAME = AppIcon;
				ASSETCATALOG_COMPILER_GLOBAL_ACCENT_COLOR_NAME = AccentColor;
				CODE_SIGN_STYLE = Automatic;
				CURRENT_PROJECT_VERSION = 1;
				DEVELOPMENT_TEAM = 3P94WK3K35;
				GENERATE_INFOPLIST_FILE = YES;
				INFOPLIST_FILE = Diary/Info.plist;
				INFOPLIST_KEY_UIApplicationSupportsIndirectInputEvents = YES;
				INFOPLIST_KEY_UILaunchStoryboardName = LaunchScreen;
				INFOPLIST_KEY_UIMainStoryboardFile = Main;
				INFOPLIST_KEY_UISupportedInterfaceOrientations_iPad = "UIInterfaceOrientationPortrait UIInterfaceOrientationPortraitUpsideDown UIInterfaceOrientationLandscapeLeft UIInterfaceOrientationLandscapeRight";
				INFOPLIST_KEY_UISupportedInterfaceOrientations_iPhone = "UIInterfaceOrientationPortrait UIInterfaceOrientationLandscapeLeft UIInterfaceOrientationLandscapeRight";
				LD_RUNPATH_SEARCH_PATHS = (
					"$(inherited)",
					"@executable_path/Frameworks",
				);
				MARKETING_VERSION = 1.0;
				PRODUCT_BUNDLE_IDENTIFIER = com.wooju.test.Diary;
				PRODUCT_NAME = "$(TARGET_NAME)";
				SWIFT_EMIT_LOC_STRINGS = YES;
				SWIFT_VERSION = 5.0;
				TARGETED_DEVICE_FAMILY = "1,2";
			};
			name = Release;
		};
		2A3A48B3292D211F00E10137 /* Debug */ = {
			isa = XCBuildConfiguration;
			buildSettings = {
				ALWAYS_EMBED_SWIFT_STANDARD_LIBRARIES = YES;
				BUNDLE_LOADER = "$(TEST_HOST)";
				CODE_SIGN_STYLE = Automatic;
				CURRENT_PROJECT_VERSION = 1;
				DEVELOPMENT_TEAM = 3P94WK3K35;
				GENERATE_INFOPLIST_FILE = YES;
				IPHONEOS_DEPLOYMENT_TARGET = 16.0;
				MARKETING_VERSION = 1.0;
				PRODUCT_BUNDLE_IDENTIFIER = com.wooju.test.DiaryTests;
				PRODUCT_NAME = "$(TARGET_NAME)";
				SWIFT_EMIT_LOC_STRINGS = NO;
				SWIFT_VERSION = 5.0;
				TARGETED_DEVICE_FAMILY = "1,2";
				TEST_HOST = "$(BUILT_PRODUCTS_DIR)/Diary.app/$(BUNDLE_EXECUTABLE_FOLDER_PATH)/Diary";
			};
			name = Debug;
		};
		2A3A48B4292D211F00E10137 /* Release */ = {
			isa = XCBuildConfiguration;
			buildSettings = {
				ALWAYS_EMBED_SWIFT_STANDARD_LIBRARIES = YES;
				BUNDLE_LOADER = "$(TEST_HOST)";
				CODE_SIGN_STYLE = Automatic;
				CURRENT_PROJECT_VERSION = 1;
				DEVELOPMENT_TEAM = 3P94WK3K35;
				GENERATE_INFOPLIST_FILE = YES;
				IPHONEOS_DEPLOYMENT_TARGET = 16.0;
				MARKETING_VERSION = 1.0;
				PRODUCT_BUNDLE_IDENTIFIER = com.wooju.test.DiaryTests;
				PRODUCT_NAME = "$(TARGET_NAME)";
				SWIFT_EMIT_LOC_STRINGS = NO;
				SWIFT_VERSION = 5.0;
				TARGETED_DEVICE_FAMILY = "1,2";
				TEST_HOST = "$(BUILT_PRODUCTS_DIR)/Diary.app/$(BUNDLE_EXECUTABLE_FOLDER_PATH)/Diary";
			};
			name = Release;
		};
		2A3A48B6292D211F00E10137 /* Debug */ = {
			isa = XCBuildConfiguration;
			buildSettings = {
				ALWAYS_EMBED_SWIFT_STANDARD_LIBRARIES = YES;
				CODE_SIGN_STYLE = Automatic;
				CURRENT_PROJECT_VERSION = 1;
				DEVELOPMENT_TEAM = 3P94WK3K35;
				GENERATE_INFOPLIST_FILE = YES;
				MARKETING_VERSION = 1.0;
				PRODUCT_BUNDLE_IDENTIFIER = com.wooju.test.DiaryUITests;
				PRODUCT_NAME = "$(TARGET_NAME)";
				SWIFT_EMIT_LOC_STRINGS = NO;
				SWIFT_VERSION = 5.0;
				TARGETED_DEVICE_FAMILY = "1,2";
				TEST_TARGET_NAME = Diary;
			};
			name = Debug;
		};
		2A3A48B7292D211F00E10137 /* Release */ = {
			isa = XCBuildConfiguration;
			buildSettings = {
				ALWAYS_EMBED_SWIFT_STANDARD_LIBRARIES = YES;
				CODE_SIGN_STYLE = Automatic;
				CURRENT_PROJECT_VERSION = 1;
				DEVELOPMENT_TEAM = 3P94WK3K35;
				GENERATE_INFOPLIST_FILE = YES;
				MARKETING_VERSION = 1.0;
				PRODUCT_BUNDLE_IDENTIFIER = com.wooju.test.DiaryUITests;
				PRODUCT_NAME = "$(TARGET_NAME)";
				SWIFT_EMIT_LOC_STRINGS = NO;
				SWIFT_VERSION = 5.0;
				TARGETED_DEVICE_FAMILY = "1,2";
				TEST_TARGET_NAME = Diary;
			};
			name = Release;
		};
/* End XCBuildConfiguration section */

/* Begin XCConfigurationList section */
		2A3A4880292D211E00E10137 /* Build configuration list for PBXProject "Diary" */ = {
			isa = XCConfigurationList;
			buildConfigurations = (
				2A3A48AD292D211F00E10137 /* Debug */,
				2A3A48AE292D211F00E10137 /* Release */,
			);
			defaultConfigurationIsVisible = 0;
			defaultConfigurationName = Release;
		};
		2A3A48AF292D211F00E10137 /* Build configuration list for PBXNativeTarget "Diary" */ = {
			isa = XCConfigurationList;
			buildConfigurations = (
				2A3A48B0292D211F00E10137 /* Debug */,
				2A3A48B1292D211F00E10137 /* Release */,
			);
			defaultConfigurationIsVisible = 0;
			defaultConfigurationName = Release;
		};
		2A3A48B2292D211F00E10137 /* Build configuration list for PBXNativeTarget "DiaryTests" */ = {
			isa = XCConfigurationList;
			buildConfigurations = (
				2A3A48B3292D211F00E10137 /* Debug */,
				2A3A48B4292D211F00E10137 /* Release */,
			);
			defaultConfigurationIsVisible = 0;
			defaultConfigurationName = Release;
		};
		2A3A48B5292D211F00E10137 /* Build configuration list for PBXNativeTarget "DiaryUITests" */ = {
			isa = XCConfigurationList;
			buildConfigurations = (
				2A3A48B6292D211F00E10137 /* Debug */,
				2A3A48B7292D211F00E10137 /* Release */,
			);
			defaultConfigurationIsVisible = 0;
			defaultConfigurationName = Release;
		};
/* End XCConfigurationList section */
	};
	rootObject = 2A3A487D292D211E00E10137 /* Project object */;
}
